// !$*UTF8*$!
{
	archiveVersion = 1;
	classes = {
	};
	objectVersion = 50;
	objects = {

/* Begin PBXBuildFile section */
		28454E0825C3D52F00269EDC /* AppDelegate.swift in Sources */ = {isa = PBXBuildFile; fileRef = 28454E0725C3D52F00269EDC /* AppDelegate.swift */; };
		28454E0A25C3D52F00269EDC /* SceneDelegate.swift in Sources */ = {isa = PBXBuildFile; fileRef = 28454E0925C3D52F00269EDC /* SceneDelegate.swift */; };
		28454E0C25C3D52F00269EDC /* ViewController.swift in Sources */ = {isa = PBXBuildFile; fileRef = 28454E0B25C3D52F00269EDC /* ViewController.swift */; };
		28454E0F25C3D52F00269EDC /* Main.storyboard in Resources */ = {isa = PBXBuildFile; fileRef = 28454E0D25C3D52F00269EDC /* Main.storyboard */; };
		28454E1125C3D53000269EDC /* Assets.xcassets in Resources */ = {isa = PBXBuildFile; fileRef = 28454E1025C3D53000269EDC /* Assets.xcassets */; };
		28454E1425C3D53000269EDC /* LaunchScreen.storyboard in Resources */ = {isa = PBXBuildFile; fileRef = 28454E1225C3D53000269EDC /* LaunchScreen.storyboard */; };
		28454E1F25C3D53100269EDC /* ZotCovidCareTests.swift in Sources */ = {isa = PBXBuildFile; fileRef = 28454E1E25C3D53100269EDC /* ZotCovidCareTests.swift */; };
		28454E2A25C3D53100269EDC /* ZotCovidCareUITests.swift in Sources */ = {isa = PBXBuildFile; fileRef = 28454E2925C3D53100269EDC /* ZotCovidCareUITests.swift */; };
		28A0285025CB7C3E001AB519 /* HealthViewController.swift in Sources */ = {isa = PBXBuildFile; fileRef = 28A0284F25CB7C3E001AB519 /* HealthViewController.swift */; };
		28C3BD0525DCBD9300A5F455 /* HealthKit.framework in Frameworks */ = {isa = PBXBuildFile; fileRef = 28C3BD0425DCBD9300A5F455 /* HealthKit.framework */; };
		28CADBD225CB701800092038 /* CheckUpViewController.swift in Sources */ = {isa = PBXBuildFile; fileRef = 28CADBD125CB701800092038 /* CheckUpViewController.swift */; };
		673453F225DEE78B00914B68 /* GeneralViewController.swift in Sources */ = {isa = PBXBuildFile; fileRef = 673453F125DEE78B00914B68 /* GeneralViewController.swift */; };
		6758542425DF29A500CA4D36 /* SearchViewController.swift in Sources */ = {isa = PBXBuildFile; fileRef = 6758542325DF29A500CA4D36 /* SearchViewController.swift */; };
		67F629DF25EA135A002324BB /* oc_json.json in Resources */ = {isa = PBXBuildFile; fileRef = 67F629DE25EA1359002324BB /* oc_json.json */; };
		9954C78D25EFFA400001D788 /* IrvineMapController.swift in Sources */ = {isa = PBXBuildFile; fileRef = 9954C78C25EFFA400001D788 /* IrvineMapController.swift */; };
		9954C79825F0A55D0001D788 /* UCIMapController.swift in Sources */ = {isa = PBXBuildFile; fileRef = 9954C79725F0A55C0001D788 /* UCIMapController.swift */; };
		9966E9F725CD1222003EE21D /* MapViewController.swift in Sources */ = {isa = PBXBuildFile; fileRef = 9966E9F625CD1222003EE21D /* MapViewController.swift */; };
		AC6B36E925EDEAF400203DA0 /* config.json in Resources */ = {isa = PBXBuildFile; fileRef = AC6B36E825EDEAF400203DA0 /* config.json */; };
		ACD44DD025DCFC170057898A /* SettingViewController.swift in Sources */ = {isa = PBXBuildFile; fileRef = ACD44DCF25DCFC170057898A /* SettingViewController.swift */; };
/* End PBXBuildFile section */

/* Begin PBXContainerItemProxy section */
		28454E1B25C3D53100269EDC /* PBXContainerItemProxy */ = {
			isa = PBXContainerItemProxy;
			containerPortal = 28454DFC25C3D52F00269EDC /* Project object */;
			proxyType = 1;
			remoteGlobalIDString = 28454E0325C3D52F00269EDC;
			remoteInfo = ZotCovidCare;
		};
		28454E2625C3D53100269EDC /* PBXContainerItemProxy */ = {
			isa = PBXContainerItemProxy;
			containerPortal = 28454DFC25C3D52F00269EDC /* Project object */;
			proxyType = 1;
			remoteGlobalIDString = 28454E0325C3D52F00269EDC;
			remoteInfo = ZotCovidCare;
		};
/* End PBXContainerItemProxy section */

/* Begin PBXFileReference section */
		28454E0425C3D52F00269EDC /* ZotCovidCare.app */ = {isa = PBXFileReference; explicitFileType = wrapper.application; includeInIndex = 0; path = ZotCovidCare.app; sourceTree = BUILT_PRODUCTS_DIR; };
		28454E0725C3D52F00269EDC /* AppDelegate.swift */ = {isa = PBXFileReference; lastKnownFileType = sourcecode.swift; path = AppDelegate.swift; sourceTree = "<group>"; };
		28454E0925C3D52F00269EDC /* SceneDelegate.swift */ = {isa = PBXFileReference; lastKnownFileType = sourcecode.swift; path = SceneDelegate.swift; sourceTree = "<group>"; };
		28454E0B25C3D52F00269EDC /* ViewController.swift */ = {isa = PBXFileReference; lastKnownFileType = sourcecode.swift; path = ViewController.swift; sourceTree = "<group>"; };
		28454E0E25C3D52F00269EDC /* Base */ = {isa = PBXFileReference; lastKnownFileType = file.storyboard; name = Base; path = Base.lproj/Main.storyboard; sourceTree = "<group>"; };
		28454E1025C3D53000269EDC /* Assets.xcassets */ = {isa = PBXFileReference; lastKnownFileType = folder.assetcatalog; path = Assets.xcassets; sourceTree = "<group>"; };
		28454E1325C3D53000269EDC /* Base */ = {isa = PBXFileReference; lastKnownFileType = file.storyboard; name = Base; path = Base.lproj/LaunchScreen.storyboard; sourceTree = "<group>"; };
		28454E1525C3D53000269EDC /* Info.plist */ = {isa = PBXFileReference; lastKnownFileType = text.plist.xml; path = Info.plist; sourceTree = "<group>"; };
		28454E1A25C3D53100269EDC /* ZotCovidCareTests.xctest */ = {isa = PBXFileReference; explicitFileType = wrapper.cfbundle; includeInIndex = 0; path = ZotCovidCareTests.xctest; sourceTree = BUILT_PRODUCTS_DIR; };
		28454E1E25C3D53100269EDC /* ZotCovidCareTests.swift */ = {isa = PBXFileReference; lastKnownFileType = sourcecode.swift; path = ZotCovidCareTests.swift; sourceTree = "<group>"; };
		28454E2025C3D53100269EDC /* Info.plist */ = {isa = PBXFileReference; lastKnownFileType = text.plist.xml; path = Info.plist; sourceTree = "<group>"; };
		28454E2525C3D53100269EDC /* ZotCovidCareUITests.xctest */ = {isa = PBXFileReference; explicitFileType = wrapper.cfbundle; includeInIndex = 0; path = ZotCovidCareUITests.xctest; sourceTree = BUILT_PRODUCTS_DIR; };
		28454E2925C3D53100269EDC /* ZotCovidCareUITests.swift */ = {isa = PBXFileReference; lastKnownFileType = sourcecode.swift; path = ZotCovidCareUITests.swift; sourceTree = "<group>"; };
		28454E2B25C3D53100269EDC /* Info.plist */ = {isa = PBXFileReference; lastKnownFileType = text.plist.xml; path = Info.plist; sourceTree = "<group>"; };
		28A0284F25CB7C3E001AB519 /* HealthViewController.swift */ = {isa = PBXFileReference; lastKnownFileType = sourcecode.swift; path = HealthViewController.swift; sourceTree = "<group>"; };
		28C3BD0225DCBD9300A5F455 /* ZotCovidCare.entitlements */ = {isa = PBXFileReference; lastKnownFileType = text.plist.entitlements; path = ZotCovidCare.entitlements; sourceTree = "<group>"; };
		28C3BD0425DCBD9300A5F455 /* HealthKit.framework */ = {isa = PBXFileReference; lastKnownFileType = wrapper.framework; name = HealthKit.framework; path = System/Library/Frameworks/HealthKit.framework; sourceTree = SDKROOT; };
		28CADBD125CB701800092038 /* CheckUpViewController.swift */ = {isa = PBXFileReference; lastKnownFileType = sourcecode.swift; path = CheckUpViewController.swift; sourceTree = "<group>"; };
		673453F125DEE78B00914B68 /* GeneralViewController.swift */ = {isa = PBXFileReference; lastKnownFileType = sourcecode.swift; path = GeneralViewController.swift; sourceTree = "<group>"; };
		6758542325DF29A500CA4D36 /* SearchViewController.swift */ = {isa = PBXFileReference; lastKnownFileType = sourcecode.swift; path = SearchViewController.swift; sourceTree = "<group>"; };
		67F629DE25EA1359002324BB /* oc_json.json */ = {isa = PBXFileReference; fileEncoding = 4; lastKnownFileType = text.json; name = oc_json.json; path = ../../CovidCrawler/oc_json.json; sourceTree = "<group>"; };
		9954C78C25EFFA400001D788 /* IrvineMapController.swift */ = {isa = PBXFileReference; lastKnownFileType = sourcecode.swift; path = IrvineMapController.swift; sourceTree = "<group>"; };
		9954C79725F0A55C0001D788 /* UCIMapController.swift */ = {isa = PBXFileReference; lastKnownFileType = sourcecode.swift; path = UCIMapController.swift; sourceTree = "<group>"; };
		9966E9F625CD1222003EE21D /* MapViewController.swift */ = {isa = PBXFileReference; lastKnownFileType = sourcecode.swift; path = MapViewController.swift; sourceTree = "<group>"; };
		AC6B36E825EDEAF400203DA0 /* config.json */ = {isa = PBXFileReference; fileEncoding = 4; lastKnownFileType = text.json; path = config.json; sourceTree = "<group>"; };
		ACD44DCF25DCFC170057898A /* SettingViewController.swift */ = {isa = PBXFileReference; lastKnownFileType = sourcecode.swift; path = SettingViewController.swift; sourceTree = "<group>"; };
/* End PBXFileReference section */

/* Begin PBXFrameworksBuildPhase section */
		28454E0125C3D52F00269EDC /* Frameworks */ = {
			isa = PBXFrameworksBuildPhase;
			buildActionMask = 2147483647;
			files = (
				28C3BD0525DCBD9300A5F455 /* HealthKit.framework in Frameworks */,
			);
			runOnlyForDeploymentPostprocessing = 0;
		};
		28454E1725C3D53100269EDC /* Frameworks */ = {
			isa = PBXFrameworksBuildPhase;
			buildActionMask = 2147483647;
			files = (
			);
			runOnlyForDeploymentPostprocessing = 0;
		};
		28454E2225C3D53100269EDC /* Frameworks */ = {
			isa = PBXFrameworksBuildPhase;
			buildActionMask = 2147483647;
			files = (
			);
			runOnlyForDeploymentPostprocessing = 0;
		};
/* End PBXFrameworksBuildPhase section */

/* Begin PBXGroup section */
		28454DFB25C3D52F00269EDC = {
			isa = PBXGroup;
			children = (
				28454E0625C3D52F00269EDC /* ZotCovidCare */,
				28454E1D25C3D53100269EDC /* ZotCovidCareTests */,
				28454E2825C3D53100269EDC /* ZotCovidCareUITests */,
				28454E0525C3D52F00269EDC /* Products */,
				28C3BD0325DCBD9300A5F455 /* Frameworks */,
			);
			sourceTree = "<group>";
		};
		28454E0525C3D52F00269EDC /* Products */ = {
			isa = PBXGroup;
			children = (
				28454E0425C3D52F00269EDC /* ZotCovidCare.app */,
				28454E1A25C3D53100269EDC /* ZotCovidCareTests.xctest */,
				28454E2525C3D53100269EDC /* ZotCovidCareUITests.xctest */,
			);
			name = Products;
			sourceTree = "<group>";
		};
		28454E0625C3D52F00269EDC /* ZotCovidCare */ = {
			isa = PBXGroup;
			children = (
				AC6B36E825EDEAF400203DA0 /* config.json */,
				67F629DE25EA1359002324BB /* oc_json.json */,
				28C3BD0225DCBD9300A5F455 /* ZotCovidCare.entitlements */,
				28454E0725C3D52F00269EDC /* AppDelegate.swift */,
				28454E0925C3D52F00269EDC /* SceneDelegate.swift */,
				28454E0B25C3D52F00269EDC /* ViewController.swift */,
				28454E0D25C3D52F00269EDC /* Main.storyboard */,
				28454E1025C3D53000269EDC /* Assets.xcassets */,
				28454E1225C3D53000269EDC /* LaunchScreen.storyboard */,
				28454E1525C3D53000269EDC /* Info.plist */,
				28CADBD125CB701800092038 /* CheckUpViewController.swift */,
				28A0284F25CB7C3E001AB519 /* HealthViewController.swift */,
				9966E9F625CD1222003EE21D /* MapViewController.swift */,
				ACD44DCF25DCFC170057898A /* SettingViewController.swift */,
				673453F125DEE78B00914B68 /* GeneralViewController.swift */,
				6758542325DF29A500CA4D36 /* SearchViewController.swift */,
				9954C78C25EFFA400001D788 /* IrvineMapController.swift */,
				9954C79725F0A55C0001D788 /* UCIMapController.swift */,
			);
			path = ZotCovidCare;
			sourceTree = "<group>";
		};
		28454E1D25C3D53100269EDC /* ZotCovidCareTests */ = {
			isa = PBXGroup;
			children = (
				28454E1E25C3D53100269EDC /* ZotCovidCareTests.swift */,
				28454E2025C3D53100269EDC /* Info.plist */,
			);
			path = ZotCovidCareTests;
			sourceTree = "<group>";
		};
		28454E2825C3D53100269EDC /* ZotCovidCareUITests */ = {
			isa = PBXGroup;
			children = (
				28454E2925C3D53100269EDC /* ZotCovidCareUITests.swift */,
				28454E2B25C3D53100269EDC /* Info.plist */,
			);
			path = ZotCovidCareUITests;
			sourceTree = "<group>";
		};
		28C3BD0325DCBD9300A5F455 /* Frameworks */ = {
			isa = PBXGroup;
			children = (
				28C3BD0425DCBD9300A5F455 /* HealthKit.framework */,
			);
			name = Frameworks;
			sourceTree = "<group>";
		};
/* End PBXGroup section */

/* Begin PBXNativeTarget section */
		28454E0325C3D52F00269EDC /* ZotCovidCare */ = {
			isa = PBXNativeTarget;
			buildConfigurationList = 28454E2E25C3D53100269EDC /* Build configuration list for PBXNativeTarget "ZotCovidCare" */;
			buildPhases = (
				28454E0025C3D52F00269EDC /* Sources */,
				28454E0125C3D52F00269EDC /* Frameworks */,
				28454E0225C3D52F00269EDC /* Resources */,
			);
			buildRules = (
			);
			dependencies = (
			);
			name = ZotCovidCare;
			productName = ZotCovidCare;
			productReference = 28454E0425C3D52F00269EDC /* ZotCovidCare.app */;
			productType = "com.apple.product-type.application";
		};
		28454E1925C3D53100269EDC /* ZotCovidCareTests */ = {
			isa = PBXNativeTarget;
			buildConfigurationList = 28454E3125C3D53100269EDC /* Build configuration list for PBXNativeTarget "ZotCovidCareTests" */;
			buildPhases = (
				28454E1625C3D53100269EDC /* Sources */,
				28454E1725C3D53100269EDC /* Frameworks */,
				28454E1825C3D53100269EDC /* Resources */,
			);
			buildRules = (
			);
			dependencies = (
				28454E1C25C3D53100269EDC /* PBXTargetDependency */,
			);
			name = ZotCovidCareTests;
			productName = ZotCovidCareTests;
			productReference = 28454E1A25C3D53100269EDC /* ZotCovidCareTests.xctest */;
			productType = "com.apple.product-type.bundle.unit-test";
		};
		28454E2425C3D53100269EDC /* ZotCovidCareUITests */ = {
			isa = PBXNativeTarget;
			buildConfigurationList = 28454E3425C3D53100269EDC /* Build configuration list for PBXNativeTarget "ZotCovidCareUITests" */;
			buildPhases = (
				28454E2125C3D53100269EDC /* Sources */,
				28454E2225C3D53100269EDC /* Frameworks */,
				28454E2325C3D53100269EDC /* Resources */,
			);
			buildRules = (
			);
			dependencies = (
				28454E2725C3D53100269EDC /* PBXTargetDependency */,
			);
			name = ZotCovidCareUITests;
			productName = ZotCovidCareUITests;
			productReference = 28454E2525C3D53100269EDC /* ZotCovidCareUITests.xctest */;
			productType = "com.apple.product-type.bundle.ui-testing";
		};
/* End PBXNativeTarget section */

/* Begin PBXProject section */
		28454DFC25C3D52F00269EDC /* Project object */ = {
			isa = PBXProject;
			attributes = {
				LastSwiftUpdateCheck = 1240;
				LastUpgradeCheck = 1240;
				TargetAttributes = {
					28454E0325C3D52F00269EDC = {
						CreatedOnToolsVersion = 12.4;
					};
					28454E1925C3D53100269EDC = {
						CreatedOnToolsVersion = 12.4;
						TestTargetID = 28454E0325C3D52F00269EDC;
					};
					28454E2425C3D53100269EDC = {
						CreatedOnToolsVersion = 12.4;
						TestTargetID = 28454E0325C3D52F00269EDC;
					};
				};
			};
			buildConfigurationList = 28454DFF25C3D52F00269EDC /* Build configuration list for PBXProject "ZotCovidCare" */;
			compatibilityVersion = "Xcode 9.3";
			developmentRegion = en;
			hasScannedForEncodings = 0;
			knownRegions = (
				en,
				Base,
			);
			mainGroup = 28454DFB25C3D52F00269EDC;
			productRefGroup = 28454E0525C3D52F00269EDC /* Products */;
			projectDirPath = "";
			projectRoot = "";
			targets = (
				28454E0325C3D52F00269EDC /* ZotCovidCare */,
				28454E1925C3D53100269EDC /* ZotCovidCareTests */,
				28454E2425C3D53100269EDC /* ZotCovidCareUITests */,
			);
		};
/* End PBXProject section */

/* Begin PBXResourcesBuildPhase section */
		28454E0225C3D52F00269EDC /* Resources */ = {
			isa = PBXResourcesBuildPhase;
			buildActionMask = 2147483647;
			files = (
				28454E1425C3D53000269EDC /* LaunchScreen.storyboard in Resources */,
				28454E1125C3D53000269EDC /* Assets.xcassets in Resources */,
				AC6B36E925EDEAF400203DA0 /* config.json in Resources */,
				28454E0F25C3D52F00269EDC /* Main.storyboard in Resources */,
				67F629DF25EA135A002324BB /* oc_json.json in Resources */,
			);
			runOnlyForDeploymentPostprocessing = 0;
		};
		28454E1825C3D53100269EDC /* Resources */ = {
			isa = PBXResourcesBuildPhase;
			buildActionMask = 2147483647;
			files = (
			);
			runOnlyForDeploymentPostprocessing = 0;
		};
		28454E2325C3D53100269EDC /* Resources */ = {
			isa = PBXResourcesBuildPhase;
			buildActionMask = 2147483647;
			files = (
			);
			runOnlyForDeploymentPostprocessing = 0;
		};
/* End PBXResourcesBuildPhase section */

/* Begin PBXSourcesBuildPhase section */
		28454E0025C3D52F00269EDC /* Sources */ = {
			isa = PBXSourcesBuildPhase;
			buildActionMask = 2147483647;
			files = (
				28CADBD225CB701800092038 /* CheckUpViewController.swift in Sources */,
				28454E0C25C3D52F00269EDC /* ViewController.swift in Sources */,
				28454E0825C3D52F00269EDC /* AppDelegate.swift in Sources */,
				6758542425DF29A500CA4D36 /* SearchViewController.swift in Sources */,
				673453F225DEE78B00914B68 /* GeneralViewController.swift in Sources */,
				9954C78D25EFFA400001D788 /* IrvineMapController.swift in Sources */,
				28454E0A25C3D52F00269EDC /* SceneDelegate.swift in Sources */,
				9954C79825F0A55D0001D788 /* UCIMapController.swift in Sources */,
				28A0285025CB7C3E001AB519 /* HealthViewController.swift in Sources */,
				9966E9F725CD1222003EE21D /* MapViewController.swift in Sources */,
				ACD44DD025DCFC170057898A /* SettingViewController.swift in Sources */,
			);
			runOnlyForDeploymentPostprocessing = 0;
		};
		28454E1625C3D53100269EDC /* Sources */ = {
			isa = PBXSourcesBuildPhase;
			buildActionMask = 2147483647;
			files = (
				28454E1F25C3D53100269EDC /* ZotCovidCareTests.swift in Sources */,
			);
			runOnlyForDeploymentPostprocessing = 0;
		};
		28454E2125C3D53100269EDC /* Sources */ = {
			isa = PBXSourcesBuildPhase;
			buildActionMask = 2147483647;
			files = (
				28454E2A25C3D53100269EDC /* ZotCovidCareUITests.swift in Sources */,
			);
			runOnlyForDeploymentPostprocessing = 0;
		};
/* End PBXSourcesBuildPhase section */

/* Begin PBXTargetDependency section */
		28454E1C25C3D53100269EDC /* PBXTargetDependency */ = {
			isa = PBXTargetDependency;
			target = 28454E0325C3D52F00269EDC /* ZotCovidCare */;
			targetProxy = 28454E1B25C3D53100269EDC /* PBXContainerItemProxy */;
		};
		28454E2725C3D53100269EDC /* PBXTargetDependency */ = {
			isa = PBXTargetDependency;
			target = 28454E0325C3D52F00269EDC /* ZotCovidCare */;
			targetProxy = 28454E2625C3D53100269EDC /* PBXContainerItemProxy */;
		};
/* End PBXTargetDependency section */

/* Begin PBXVariantGroup section */
		28454E0D25C3D52F00269EDC /* Main.storyboard */ = {
			isa = PBXVariantGroup;
			children = (
				28454E0E25C3D52F00269EDC /* Base */,
			);
			name = Main.storyboard;
			sourceTree = "<group>";
		};
		28454E1225C3D53000269EDC /* LaunchScreen.storyboard */ = {
			isa = PBXVariantGroup;
			children = (
				28454E1325C3D53000269EDC /* Base */,
			);
			name = LaunchScreen.storyboard;
			sourceTree = "<group>";
		};
/* End PBXVariantGroup section */

/* Begin XCBuildConfiguration section */
		28454E2C25C3D53100269EDC /* Debug */ = {
			isa = XCBuildConfiguration;
			buildSettings = {
				ALWAYS_SEARCH_USER_PATHS = NO;
				CLANG_ANALYZER_NONNULL = YES;
				CLANG_ANALYZER_NUMBER_OBJECT_CONVERSION = YES_AGGRESSIVE;
				CLANG_CXX_LANGUAGE_STANDARD = "gnu++14";
				CLANG_CXX_LIBRARY = "libc++";
				CLANG_ENABLE_MODULES = YES;
				CLANG_ENABLE_OBJC_ARC = YES;
				CLANG_ENABLE_OBJC_WEAK = YES;
				CLANG_WARN_BLOCK_CAPTURE_AUTORELEASING = YES;
				CLANG_WARN_BOOL_CONVERSION = YES;
				CLANG_WARN_COMMA = YES;
				CLANG_WARN_CONSTANT_CONVERSION = YES;
				CLANG_WARN_DEPRECATED_OBJC_IMPLEMENTATIONS = YES;
				CLANG_WARN_DIRECT_OBJC_ISA_USAGE = YES_ERROR;
				CLANG_WARN_DOCUMENTATION_COMMENTS = YES;
				CLANG_WARN_EMPTY_BODY = YES;
				CLANG_WARN_ENUM_CONVERSION = YES;
				CLANG_WARN_INFINITE_RECURSION = YES;
				CLANG_WARN_INT_CONVERSION = YES;
				CLANG_WARN_NON_LITERAL_NULL_CONVERSION = YES;
				CLANG_WARN_OBJC_IMPLICIT_RETAIN_SELF = YES;
				CLANG_WARN_OBJC_LITERAL_CONVERSION = YES;
				CLANG_WARN_OBJC_ROOT_CLASS = YES_ERROR;
				CLANG_WARN_QUOTED_INCLUDE_IN_FRAMEWORK_HEADER = YES;
				CLANG_WARN_RANGE_LOOP_ANALYSIS = YES;
				CLANG_WARN_STRICT_PROTOTYPES = YES;
				CLANG_WARN_SUSPICIOUS_MOVE = YES;
				CLANG_WARN_UNGUARDED_AVAILABILITY = YES_AGGRESSIVE;
				CLANG_WARN_UNREACHABLE_CODE = YES;
				CLANG_WARN__DUPLICATE_METHOD_MATCH = YES;
				COPY_PHASE_STRIP = NO;
				DEBUG_INFORMATION_FORMAT = dwarf;
				ENABLE_STRICT_OBJC_MSGSEND = YES;
				ENABLE_TESTABILITY = YES;
				GCC_C_LANGUAGE_STANDARD = gnu11;
				GCC_DYNAMIC_NO_PIC = NO;
				GCC_NO_COMMON_BLOCKS = YES;
				GCC_OPTIMIZATION_LEVEL = 0;
				GCC_PREPROCESSOR_DEFINITIONS = (
					"DEBUG=1",
					"$(inherited)",
				);
				GCC_WARN_64_TO_32_BIT_CONVERSION = YES;
				GCC_WARN_ABOUT_RETURN_TYPE = YES_ERROR;
				GCC_WARN_UNDECLARED_SELECTOR = YES;
				GCC_WARN_UNINITIALIZED_AUTOS = YES_AGGRESSIVE;
				GCC_WARN_UNUSED_FUNCTION = YES;
				GCC_WARN_UNUSED_VARIABLE = YES;
				IPHONEOS_DEPLOYMENT_TARGET = 14.4;
				MTL_ENABLE_DEBUG_INFO = INCLUDE_SOURCE;
				MTL_FAST_MATH = YES;
				ONLY_ACTIVE_ARCH = YES;
				SDKROOT = iphoneos;
				SWIFT_ACTIVE_COMPILATION_CONDITIONS = DEBUG;
				SWIFT_OPTIMIZATION_LEVEL = "-Onone";
			};
			name = Debug;
		};
		28454E2D25C3D53100269EDC /* Release */ = {
			isa = XCBuildConfiguration;
			buildSettings = {
				ALWAYS_SEARCH_USER_PATHS = NO;
				CLANG_ANALYZER_NONNULL = YES;
				CLANG_ANALYZER_NUMBER_OBJECT_CONVERSION = YES_AGGRESSIVE;
				CLANG_CXX_LANGUAGE_STANDARD = "gnu++14";
				CLANG_CXX_LIBRARY = "libc++";
				CLANG_ENABLE_MODULES = YES;
				CLANG_ENABLE_OBJC_ARC = YES;
				CLANG_ENABLE_OBJC_WEAK = YES;
				CLANG_WARN_BLOCK_CAPTURE_AUTORELEASING = YES;
				CLANG_WARN_BOOL_CONVERSION = YES;
				CLANG_WARN_COMMA = YES;
				CLANG_WARN_CONSTANT_CONVERSION = YES;
				CLANG_WARN_DEPRECATED_OBJC_IMPLEMENTATIONS = YES;
				CLANG_WARN_DIRECT_OBJC_ISA_USAGE = YES_ERROR;
				CLANG_WARN_DOCUMENTATION_COMMENTS = YES;
				CLANG_WARN_EMPTY_BODY = YES;
				CLANG_WARN_ENUM_CONVERSION = YES;
				CLANG_WARN_INFINITE_RECURSION = YES;
				CLANG_WARN_INT_CONVERSION = YES;
				CLANG_WARN_NON_LITERAL_NULL_CONVERSION = YES;
				CLANG_WARN_OBJC_IMPLICIT_RETAIN_SELF = YES;
				CLANG_WARN_OBJC_LITERAL_CONVERSION = YES;
				CLANG_WARN_OBJC_ROOT_CLASS = YES_ERROR;
				CLANG_WARN_QUOTED_INCLUDE_IN_FRAMEWORK_HEADER = YES;
				CLANG_WARN_RANGE_LOOP_ANALYSIS = YES;
				CLANG_WARN_STRICT_PROTOTYPES = YES;
				CLANG_WARN_SUSPICIOUS_MOVE = YES;
				CLANG_WARN_UNGUARDED_AVAILABILITY = YES_AGGRESSIVE;
				CLANG_WARN_UNREACHABLE_CODE = YES;
				CLANG_WARN__DUPLICATE_METHOD_MATCH = YES;
				COPY_PHASE_STRIP = NO;
				DEBUG_INFORMATION_FORMAT = "dwarf-with-dsym";
				ENABLE_NS_ASSERTIONS = NO;
				ENABLE_STRICT_OBJC_MSGSEND = YES;
				GCC_C_LANGUAGE_STANDARD = gnu11;
				GCC_NO_COMMON_BLOCKS = YES;
				GCC_WARN_64_TO_32_BIT_CONVERSION = YES;
				GCC_WARN_ABOUT_RETURN_TYPE = YES_ERROR;
				GCC_WARN_UNDECLARED_SELECTOR = YES;
				GCC_WARN_UNINITIALIZED_AUTOS = YES_AGGRESSIVE;
				GCC_WARN_UNUSED_FUNCTION = YES;
				GCC_WARN_UNUSED_VARIABLE = YES;
				IPHONEOS_DEPLOYMENT_TARGET = 14.4;
				MTL_ENABLE_DEBUG_INFO = NO;
				MTL_FAST_MATH = YES;
				SDKROOT = iphoneos;
				SWIFT_COMPILATION_MODE = wholemodule;
				SWIFT_OPTIMIZATION_LEVEL = "-O";
				VALIDATE_PRODUCT = YES;
			};
			name = Release;
		};
		28454E2F25C3D53100269EDC /* Debug */ = {
			isa = XCBuildConfiguration;
			buildSettings = {
				ASSETCATALOG_COMPILER_APPICON_NAME = AppIcon;
				ASSETCATALOG_COMPILER_GLOBAL_ACCENT_COLOR_NAME = AccentColor;
				CODE_SIGN_ENTITLEMENTS = ZotCovidCare/ZotCovidCare.entitlements;
				CODE_SIGN_STYLE = Automatic;
				DEVELOPMENT_TEAM = X79V5X28PF;
				INFOPLIST_FILE = ZotCovidCare/Info.plist;
				LD_RUNPATH_SEARCH_PATHS = (
					"$(inherited)",
					"@executable_path/Frameworks",
				);
				PRODUCT_BUNDLE_IDENTIFIER = com.uci.ZotCovidCare;
				PRODUCT_NAME = "$(TARGET_NAME)";
				SWIFT_VERSION = 5.0;
				TARGETED_DEVICE_FAMILY = "1,2";
			};
			name = Debug;
		};
		28454E3025C3D53100269EDC /* Release */ = {
			isa = XCBuildConfiguration;
			buildSettings = {
				ASSETCATALOG_COMPILER_APPICON_NAME = AppIcon;
				ASSETCATALOG_COMPILER_GLOBAL_ACCENT_COLOR_NAME = AccentColor;
				CODE_SIGN_ENTITLEMENTS = ZotCovidCare/ZotCovidCare.entitlements;
				CODE_SIGN_STYLE = Automatic;
				DEVELOPMENT_TEAM = X79V5X28PF;
				INFOPLIST_FILE = ZotCovidCare/Info.plist;
				LD_RUNPATH_SEARCH_PATHS = (
					"$(inherited)",
					"@executable_path/Frameworks",
				);
				PRODUCT_BUNDLE_IDENTIFIER = com.uci.ZotCovidCare;
				PRODUCT_NAME = "$(TARGET_NAME)";
				SWIFT_VERSION = 5.0;
				TARGETED_DEVICE_FAMILY = "1,2";
			};
			name = Release;
		};
		28454E3225C3D53100269EDC /* Debug */ = {
			isa = XCBuildConfiguration;
			buildSettings = {
				ALWAYS_EMBED_SWIFT_STANDARD_LIBRARIES = YES;
				BUNDLE_LOADER = "$(TEST_HOST)";
				CODE_SIGN_STYLE = Automatic;
				DEVELOPMENT_TEAM = X79V5X28PF;
				INFOPLIST_FILE = ZotCovidCareTests/Info.plist;
				IPHONEOS_DEPLOYMENT_TARGET = 14.4;
				LD_RUNPATH_SEARCH_PATHS = (
					"$(inherited)",
					"@executable_path/Frameworks",
					"@loader_path/Frameworks",
				);
				PRODUCT_BUNDLE_IDENTIFIER = com.uci.ZotCovidCareTests;
				PRODUCT_NAME = "$(TARGET_NAME)";
				SWIFT_VERSION = 5.0;
				TARGETED_DEVICE_FAMILY = "1,2";
				TEST_HOST = "$(BUILT_PRODUCTS_DIR)/ZotCovidCare.app/ZotCovidCare";
			};
			name = Debug;
		};
		28454E3325C3D53100269EDC /* Release */ = {
			isa = XCBuildConfiguration;
			buildSettings = {
				ALWAYS_EMBED_SWIFT_STANDARD_LIBRARIES = YES;
				BUNDLE_LOADER = "$(TEST_HOST)";
				CODE_SIGN_STYLE = Automatic;
				DEVELOPMENT_TEAM = X79V5X28PF;
				INFOPLIST_FILE = ZotCovidCareTests/Info.plist;
				IPHONEOS_DEPLOYMENT_TARGET = 14.4;
				LD_RUNPATH_SEARCH_PATHS = (
					"$(inherited)",
					"@executable_path/Frameworks",
					"@loader_path/Frameworks",
				);
				PRODUCT_BUNDLE_IDENTIFIER = com.uci.ZotCovidCareTests;
				PRODUCT_NAME = "$(TARGET_NAME)";
				SWIFT_VERSION = 5.0;
				TARGETED_DEVICE_FAMILY = "1,2";
				TEST_HOST = "$(BUILT_PRODUCTS_DIR)/ZotCovidCare.app/ZotCovidCare";
			};
			name = Release;
		};
		28454E3525C3D53100269EDC /* Debug */ = {
			isa = XCBuildConfiguration;
			buildSettings = {
				ALWAYS_EMBED_SWIFT_STANDARD_LIBRARIES = YES;
				CODE_SIGN_STYLE = Automatic;
				DEVELOPMENT_TEAM = X79V5X28PF;
				INFOPLIST_FILE = ZotCovidCareUITests/Info.plist;
				LD_RUNPATH_SEARCH_PATHS = (
					"$(inherited)",
					"@executable_path/Frameworks",
					"@loader_path/Frameworks",
				);
				PRODUCT_BUNDLE_IDENTIFIER = com.uci.ZotCovidCareUITests;
				PRODUCT_NAME = "$(TARGET_NAME)";
				SWIFT_VERSION = 5.0;
				TARGETED_DEVICE_FAMILY = "1,2";
				TEST_TARGET_NAME = ZotCovidCare;
			};
			name = Debug;
		};
		28454E3625C3D53100269EDC /* Release */ = {
			isa = XCBuildConfiguration;
			buildSettings = {
				ALWAYS_EMBED_SWIFT_STANDARD_LIBRARIES = YES;
				CODE_SIGN_STYLE = Automatic;
				DEVELOPMENT_TEAM = X79V5X28PF;
				INFOPLIST_FILE = ZotCovidCareUITests/Info.plist;
				LD_RUNPATH_SEARCH_PATHS = (
					"$(inherited)",
					"@executable_path/Frameworks",
					"@loader_path/Frameworks",
				);
				PRODUCT_BUNDLE_IDENTIFIER = com.uci.ZotCovidCareUITests;
				PRODUCT_NAME = "$(TARGET_NAME)";
				SWIFT_VERSION = 5.0;
				TARGETED_DEVICE_FAMILY = "1,2";
				TEST_TARGET_NAME = ZotCovidCare;
			};
			name = Release;
		};
/* End XCBuildConfiguration section */

/* Begin XCConfigurationList section */
		28454DFF25C3D52F00269EDC /* Build configuration list for PBXProject "ZotCovidCare" */ = {
			isa = XCConfigurationList;
			buildConfigurations = (
				28454E2C25C3D53100269EDC /* Debug */,
				28454E2D25C3D53100269EDC /* Release */,
			);
			defaultConfigurationIsVisible = 0;
			defaultConfigurationName = Release;
		};
		28454E2E25C3D53100269EDC /* Build configuration list for PBXNativeTarget "ZotCovidCare" */ = {
			isa = XCConfigurationList;
			buildConfigurations = (
				28454E2F25C3D53100269EDC /* Debug */,
				28454E3025C3D53100269EDC /* Release */,
			);
			defaultConfigurationIsVisible = 0;
			defaultConfigurationName = Release;
		};
		28454E3125C3D53100269EDC /* Build configuration list for PBXNativeTarget "ZotCovidCareTests" */ = {
			isa = XCConfigurationList;
			buildConfigurations = (
				28454E3225C3D53100269EDC /* Debug */,
				28454E3325C3D53100269EDC /* Release */,
			);
			defaultConfigurationIsVisible = 0;
			defaultConfigurationName = Release;
		};
		28454E3425C3D53100269EDC /* Build configuration list for PBXNativeTarget "ZotCovidCareUITests" */ = {
			isa = XCConfigurationList;
			buildConfigurations = (
				28454E3525C3D53100269EDC /* Debug */,
				28454E3625C3D53100269EDC /* Release */,
			);
			defaultConfigurationIsVisible = 0;
			defaultConfigurationName = Release;
		};
/* End XCConfigurationList section */
	};
	rootObject = 28454DFC25C3D52F00269EDC /* Project object */;
}
